
Microsoft Visual Studio Solution File, Format Version 12.00
# Visual Studio Version 17
VisualStudioVersion = 17.14.36301.6 d17.14
MinimumVisualStudioVersion = 10.0.40219.1
Project("{FAE04EC0-301F-11D3-BF4B-00C04F79EFBC}") = "KeyRemap", "KeyRemap.csproj", "{996B1D5D-2D09-C617-5D65-FF7FC3DDF5F5}"
EndProject
Global
	GlobalSection(SolutionConfigurationPlatforms) = preSolution
		Debug|Any CPU = Debug|Any CPU
		Release|Any CPU = Release|Any CPU
	EndGlobalSection
	GlobalSection(ProjectConfigurationPlatforms) = postSolution
		{996B1D5D-2D09-C617-5D65-FF7FC3DDF5F5}.Debug|Any CPU.ActiveCfg = Debug|Any CPU
		{996B1D5D-2D09-C617-5D65-FF7FC3DDF5F5}.Debug|Any CPU.Build.0 = Debug|Any CPU
		{996B1D5D-2D09-C617-5D65-FF7FC3DDF5F5}.Release|Any CPU.ActiveCfg = Release|Any CPU
		{996B1D5D-2D09-C617-5D65-FF7FC3DDF5F5}.Release|Any CPU.Build.0 = Release|Any CPU
	EndGlobalSection
	GlobalSection(SolutionProperties) = preSolution
		HideSolutionNode = FALSE
	EndGlobalSection
	GlobalSection(ExtensibilityGlobals) = postSolution
		SolutionGuid = {015F0B96-AC7E-4D1A-AA84-83C3656DC204}
	EndGlobalSection
EndGlobal
